// !$*UTF8*$!
{
	archiveVersion = 1;
	classes = {
	};
	objectVersion = 50;
	objects = {

/* Begin PBXBuildFile section */
		A685E3AD2089523700F37EFD /* AppDelegate.swift in Sources */ = {isa = PBXBuildFile; fileRef = A685E3AC2089523700F37EFD /* AppDelegate.swift */; };
		A685E3B22089523700F37EFD /* Main.storyboard in Resources */ = {isa = PBXBuildFile; fileRef = A685E3B02089523700F37EFD /* Main.storyboard */; };
		A685E3B52089523700F37EFD /* mws_swift.xcdatamodeld in Sources */ = {isa = PBXBuildFile; fileRef = A685E3B32089523700F37EFD /* mws_swift.xcdatamodeld */; };
		A685E3B72089523700F37EFD /* Assets.xcassets in Resources */ = {isa = PBXBuildFile; fileRef = A685E3B62089523700F37EFD /* Assets.xcassets */; };
		A685E3BA2089523700F37EFD /* LaunchScreen.storyboard in Resources */ = {isa = PBXBuildFile; fileRef = A685E3B82089523700F37EFD /* LaunchScreen.storyboard */; };
		A685E3C2208953CF00F37EFD /* HomeVC.swift in Sources */ = {isa = PBXBuildFile; fileRef = A685E3C1208953CF00F37EFD /* HomeVC.swift */; };
		A6D21F63208A553100C7D6BB /* DataModel.swift in Sources */ = {isa = PBXBuildFile; fileRef = A6D21F62208A553100C7D6BB /* DataModel.swift */; };
/* End PBXBuildFile section */

/* Begin PBXFileReference section */
		A685E3A92089523700F37EFD /* mws_swift.app */ = {isa = PBXFileReference; explicitFileType = wrapper.application; includeInIndex = 0; path = mws_swift.app; sourceTree = BUILT_PRODUCTS_DIR; };
		A685E3AC2089523700F37EFD /* AppDelegate.swift */ = {isa = PBXFileReference; lastKnownFileType = sourcecode.swift; path = AppDelegate.swift; sourceTree = "<group>"; };
		A685E3B12089523700F37EFD /* Base */ = {isa = PBXFileReference; lastKnownFileType = file.storyboard; name = Base; path = Base.lproj/Main.storyboard; sourceTree = "<group>"; };
		A685E3B42089523700F37EFD /* mws_swift.xcdatamodel */ = {isa = PBXFileReference; lastKnownFileType = wrapper.xcdatamodel; path = mws_swift.xcdatamodel; sourceTree = "<group>"; };
		A685E3B62089523700F37EFD /* Assets.xcassets */ = {isa = PBXFileReference; lastKnownFileType = folder.assetcatalog; path = Assets.xcassets; sourceTree = "<group>"; };
		A685E3B92089523700F37EFD /* Base */ = {isa = PBXFileReference; lastKnownFileType = file.storyboard; name = Base; path = Base.lproj/LaunchScreen.storyboard; sourceTree = "<group>"; };
		A685E3BB2089523700F37EFD /* Info.plist */ = {isa = PBXFileReference; lastKnownFileType = text.plist.xml; path = Info.plist; sourceTree = "<group>"; };
		A685E3C1208953CF00F37EFD /* HomeVC.swift */ = {isa = PBXFileReference; lastKnownFileType = sourcecode.swift; path = HomeVC.swift; sourceTree = "<group>"; };
		A6D21F62208A553100C7D6BB /* DataModel.swift */ = {isa = PBXFileReference; lastKnownFileType = sourcecode.swift; path = DataModel.swift; sourceTree = "<group>"; };
/* End PBXFileReference section */

/* Begin PBXFrameworksBuildPhase section */
		A685E3A62089523700F37EFD /* Frameworks */ = {
			isa = PBXFrameworksBuildPhase;
			buildActionMask = 2147483647;
			files = (
			);
			runOnlyForDeploymentPostprocessing = 0;
		};
/* End PBXFrameworksBuildPhase section */

/* Begin PBXGroup section */
		A685E3A02089523700F37EFD = {
			isa = PBXGroup;
			children = (
				A685E3AB2089523700F37EFD /* mws_swift */,
				A685E3AA2089523700F37EFD /* Products */,
			);
			sourceTree = "<group>";
		};
		A685E3AA2089523700F37EFD /* Products */ = {
			isa = PBXGroup;
			children = (
				A685E3A92089523700F37EFD /* mws_swift.app */,
			);
			name = Products;
			sourceTree = "<group>";
		};
		A685E3AB2089523700F37EFD /* mws_swift */ = {
			isa = PBXGroup;
			children = (
				A685E3AC2089523700F37EFD /* AppDelegate.swift */,
				A685E3C1208953CF00F37EFD /* HomeVC.swift */,
				A6D21F62208A553100C7D6BB /* DataModel.swift */,
				A685E3B02089523700F37EFD /* Main.storyboard */,
				A685E3B62089523700F37EFD /* Assets.xcassets */,
				A685E3B82089523700F37EFD /* LaunchScreen.storyboard */,
				A685E3BB2089523700F37EFD /* Info.plist */,
				A685E3B32089523700F37EFD /* mws_swift.xcdatamodeld */,
			);
			path = mws_swift;
			sourceTree = "<group>";
		};
/* End PBXGroup section */

/* Begin PBXNativeTarget section */
		A685E3A82089523700F37EFD /* mws_swift */ = {
			isa = PBXNativeTarget;
			buildConfigurationList = A685E3BE2089523700F37EFD /* Build configuration list for PBXNativeTarget "mws_swift" */;
			buildPhases = (
				A685E3A52089523700F37EFD /* Sources */,
				A685E3A62089523700F37EFD /* Frameworks */,
				A685E3A72089523700F37EFD /* Resources */,
			);
			buildRules = (
			);
			dependencies = (
			);
			name = mws_swift;
			productName = mws_swift;
			productReference = A685E3A92089523700F37EFD /* mws_swift.app */;
			productType = "com.apple.product-type.application";
		};
/* End PBXNativeTarget section */

/* Begin PBXProject section */
		A685E3A12089523700F37EFD /* Project object */ = {
			isa = PBXProject;
			attributes = {
				LastSwiftUpdateCheck = 0930;
				LastUpgradeCheck = 0930;
				ORGANIZATIONNAME = "Ruslan Suvorov";
				TargetAttributes = {
					A685E3A82089523700F37EFD = {
						CreatedOnToolsVersion = 9.3;
					};
				};
			};
			buildConfigurationList = A685E3A42089523700F37EFD /* Build configuration list for PBXProject "mws_swift" */;
			compatibilityVersion = "Xcode 9.3";
			developmentRegion = en;
			hasScannedForEncodings = 0;
			knownRegions = (
				en,
				Base,
			);
			mainGroup = A685E3A02089523700F37EFD;
			productRefGroup = A685E3AA2089523700F37EFD /* Products */;
			projectDirPath = "";
			projectRoot = "";
			targets = (
				A685E3A82089523700F37EFD /* mws_swift */,
			);
		};
/* End PBXProject section */

/* Begin PBXResourcesBuildPhase section */
		A685E3A72089523700F37EFD /* Resources */ = {
			isa = PBXResourcesBuildPhase;
			buildActionMask = 2147483647;
			files = (
				A685E3BA2089523700F37EFD /* LaunchScreen.storyboard in Resources */,
				A685E3B72089523700F37EFD /* Assets.xcassets in Resources */,
				A685E3B22089523700F37EFD /* Main.storyboard in Resources */,
			);
			runOnlyForDeploymentPostprocessing = 0;
		};
/* End PBXResourcesBuildPhase section */

/* Begin PBXSourcesBuildPhase section */
		A685E3A52089523700F37EFD /* Sources */ = {
			isa = PBXSourcesBuildPhase;
			buildActionMask = 2147483647;
			files = (
				A685E3C2208953CF00F37EFD /* HomeVC.swift in Sources */,
				A6D21F63208A553100C7D6BB /* DataModel.swift in Sources */,
				A685E3B52089523700F37EFD /* mws_swift.xcdatamodeld in Sources */,
				A685E3AD2089523700F37EFD /* AppDelegate.swift in Sources */,
			);
			runOnlyForDeploymentPostprocessing = 0;
		};
/* End PBXSourcesBuildPhase section */

/* Begin PBXVariantGroup section */
		A685E3B02089523700F37EFD /* Main.storyboard */ = {
			isa = PBXVariantGroup;
			children = (
				A685E3B12089523700F37EFD /* Base */,
			);
			name = Main.storyboard;
			sourceTree = "<group>";
		};
		A685E3B82089523700F37EFD /* LaunchScreen.storyboard */ = {
			isa = PBXVariantGroup;
			children = (
				A685E3B92089523700F37EFD /* Base */,
			);
			name = LaunchScreen.storyboard;
			sourceTree = "<group>";
		};
/* End PBXVariantGroup section */

/* Begin XCBuildConfiguration section */
		A685E3BC2089523700F37EFD /* Debug */ = {
			isa = XCBuildConfiguration;
			buildSettings = {
				ALWAYS_SEARCH_USER_PATHS = NO;
				CLANG_ANALYZER_NONNULL = YES;
				CLANG_ANALYZER_NUMBER_OBJECT_CONVERSION = YES_AGGRESSIVE;
				CLANG_CXX_LANGUAGE_STANDARD = "gnu++14";
				CLANG_CXX_LIBRARY = "libc++";
				CLANG_ENABLE_MODULES = YES;
				CLANG_ENABLE_OBJC_ARC = YES;
				CLANG_ENABLE_OBJC_WEAK = YES;
				CLANG_WARN_BLOCK_CAPTURE_AUTORELEASING = YES;
				CLANG_WARN_BOOL_CONVERSION = YES;
				CLANG_WARN_COMMA = YES;
				CLANG_WARN_CONSTANT_CONVERSION = YES;
				CLANG_WARN_DEPRECATED_OBJC_IMPLEMENTATIONS = YES;
				CLANG_WARN_DIRECT_OBJC_ISA_USAGE = YES_ERROR;
				CLANG_WARN_DOCUMENTATION_COMMENTS = YES;
				CLANG_WARN_EMPTY_BODY = YES;
				CLANG_WARN_ENUM_CONVERSION = YES;
				CLANG_WARN_INFINITE_RECURSION = YES;
				CLANG_WARN_INT_CONVERSION = YES;
				CLANG_WARN_NON_LITERAL_NULL_CONVERSION = YES;
				CLANG_WARN_OBJC_IMPLICIT_RETAIN_SELF = YES;
				CLANG_WARN_OBJC_LITERAL_CONVERSION = YES;
				CLANG_WARN_OBJC_ROOT_CLASS = YES_ERROR;
				CLANG_WARN_RANGE_LOOP_ANALYSIS = YES;
				CLANG_WARN_STRICT_PROTOTYPES = YES;
				CLANG_WARN_SUSPICIOUS_MOVE = YES;
				CLANG_WARN_UNGUARDED_AVAILABILITY = YES_AGGRESSIVE;
				CLANG_WARN_UNREACHABLE_CODE = YES;
				CLANG_WARN__DUPLICATE_METHOD_MATCH = YES;
				CODE_SIGN_IDENTITY = "iPhone Developer";
				COPY_PHASE_STRIP = NO;
				DEBUG_INFORMATION_FORMAT = dwarf;
				ENABLE_STRICT_OBJC_MSGSEND = YES;
				ENABLE_TESTABILITY = YES;
				GCC_C_LANGUAGE_STANDARD = gnu11;
				GCC_DYNAMIC_NO_PIC = NO;
				GCC_NO_COMMON_BLOCKS = YES;
				GCC_OPTIMIZATION_LEVEL = 0;
				GCC_PREPROCESSOR_DEFINITIONS = (
					"DEBUG=1",
					"$(inherited)",
				);
				GCC_WARN_64_TO_32_BIT_CONVERSION = YES;
				GCC_WARN_ABOUT_RETURN_TYPE = YES_ERROR;
				GCC_WARN_UNDECLARED_SELECTOR = YES;
				GCC_WARN_UNINITIALIZED_AUTOS = YES_AGGRESSIVE;
				GCC_WARN_UNUSED_FUNCTION = YES;
				GCC_WARN_UNUSED_VARIABLE = YES;
				IPHONEOS_DEPLOYMENT_TARGET = 11.3;
				MTL_ENABLE_DEBUG_INFO = YES;
				ONLY_ACTIVE_ARCH = YES;
				SDKROOT = iphoneos;
				SWIFT_ACTIVE_COMPILATION_CONDITIONS = DEBUG;
				SWIFT_OPTIMIZATION_LEVEL = "-Onone";
			};
			name = Debug;
		};
		A685E3BD2089523700F37EFD /* Release */ = {
			isa = XCBuildConfiguration;
			buildSettings = {
				ALWAYS_SEARCH_USER_PATHS = NO;
				CLANG_ANALYZER_NONNULL = YES;
				CLANG_ANALYZER_NUMBER_OBJECT_CONVERSION = YES_AGGRESSIVE;
				CLANG_CXX_LANGUAGE_STANDARD = "gnu++14";
				CLANG_CXX_LIBRARY = "libc++";
				CLANG_ENABLE_MODULES = YES;
				CLANG_ENABLE_OBJC_ARC = YES;
				CLANG_ENABLE_OBJC_WEAK = YES;
				CLANG_WARN_BLOCK_CAPTURE_AUTORELEASING = YES;
				CLANG_WARN_BOOL_CONVERSION = YES;
				CLANG_WARN_COMMA = YES;
				CLANG_WARN_CONSTANT_CONVERSION = YES;
				CLANG_WARN_DEPRECATED_OBJC_IMPLEMENTATIONS = YES;
				CLANG_WARN_DIRECT_OBJC_ISA_USAGE = YES_ERROR;
				CLANG_WARN_DOCUMENTATION_COMMENTS = YES;
				CLANG_WARN_EMPTY_BODY = YES;
				CLANG_WARN_ENUM_CONVERSION = YES;
				CLANG_WARN_INFINITE_RECURSION = YES;
				CLANG_WARN_INT_CONVERSION = YES;
				CLANG_WARN_NON_LITERAL_NULL_CONVERSION = YES;
				CLANG_WARN_OBJC_IMPLICIT_RETAIN_SELF = YES;
				CLANG_WARN_OBJC_LITERAL_CONVERSION = YES;
				CLANG_WARN_OBJC_ROOT_CLASS = YES_ERROR;
				CLANG_WARN_RANGE_LOOP_ANALYSIS = YES;
				CLANG_WARN_STRICT_PROTOTYPES = YES;
				CLANG_WARN_SUSPICIOUS_MOVE = YES;
				CLANG_WARN_UNGUARDED_AVAILABILITY = YES_AGGRESSIVE;
				CLANG_WARN_UNREACHABLE_CODE = YES;
				CLANG_WARN__DUPLICATE_METHOD_MATCH = YES;
				CODE_SIGN_IDENTITY = "iPhone Developer";
				COPY_PHASE_STRIP = NO;
				DEBUG_INFORMATION_FORMAT = "dwarf-with-dsym";
				ENABLE_NS_ASSERTIONS = NO;
				ENABLE_STRICT_OBJC_MSGSEND = YES;
				GCC_C_LANGUAGE_STANDARD = gnu11;
				GCC_NO_COMMON_BLOCKS = YES;
				GCC_WARN_64_TO_32_BIT_CONVERSION = YES;
				GCC_WARN_ABOUT_RETURN_TYPE = YES_ERROR;
				GCC_WARN_UNDECLARED_SELECTOR = YES;
				GCC_WARN_UNINITIALIZED_AUTOS = YES_AGGRESSIVE;
				GCC_WARN_UNUSED_FUNCTION = YES;
				GCC_WARN_UNUSED_VARIABLE = YES;
				IPHONEOS_DEPLOYMENT_TARGET = 11.3;
				MTL_ENABLE_DEBUG_INFO = NO;
				SDKROOT = iphoneos;
				SWIFT_COMPILATION_MODE = wholemodule;
				SWIFT_OPTIMIZATION_LEVEL = "-O";
				VALIDATE_PRODUCT = YES;
			};
			name = Release;
		};
		A685E3BF2089523700F37EFD /* Debug */ = {
			isa = XCBuildConfiguration;
			buildSettings = {
				ASSETCATALOG_COMPILER_APPICON_NAME = AppIcon;
				CODE_SIGN_STYLE = Automatic;
				DEVELOPMENT_TEAM = 4LCWFZ2JA9;
				INFOPLIST_FILE = mws_swift/Info.plist;
				LD_RUNPATH_SEARCH_PATHS = (
					"$(inherited)",
					"@executable_path/Frameworks",
				);
				PRODUCT_BUNDLE_IDENTIFIER = "none.mws-swift";
				PRODUCT_NAME = "$(TARGET_NAME)";
				SWIFT_VERSION = 4.0;
				TARGETED_DEVICE_FAMILY = "1,2";
			};
			name = Debug;
		};
		A685E3C02089523700F37EFD /* Release */ = {
			isa = XCBuildConfiguration;
			buildSettings = {
				ASSETCATALOG_COMPILER_APPICON_NAME = AppIcon;
				CODE_SIGN_STYLE = Automatic;
				DEVELOPMENT_TEAM = 4LCWFZ2JA9;
				INFOPLIST_FILE = mws_swift/Info.plist;
				LD_RUNPATH_SEARCH_PATHS = (
					"$(inherited)",
					"@executable_path/Frameworks",
				);
				PRODUCT_BUNDLE_IDENTIFIER = "none.mws-swift";
				PRODUCT_NAME = "$(TARGET_NAME)";
				SWIFT_VERSION = 4.0;
				TARGETED_DEVICE_FAMILY = "1,2";
			};
			name = Release;
		};
/* End XCBuildConfiguration section */

/* Begin XCConfigurationList section */
		A685E3A42089523700F37EFD /* Build configuration list for PBXProject "mws_swift" */ = {
			isa = XCConfigurationList;
			buildConfigurations = (
				A685E3BC2089523700F37EFD /* Debug */,
				A685E3BD2089523700F37EFD /* Release */,
			);
			defaultConfigurationIsVisible = 0;
			defaultConfigurationName = Release;
		};
		A685E3BE2089523700F37EFD /* Build configuration list for PBXNativeTarget "mws_swift" */ = {
			isa = XCConfigurationList;
			buildConfigurations = (
				A685E3BF2089523700F37EFD /* Debug */,
				A685E3C02089523700F37EFD /* Release */,
			);
			defaultConfigurationIsVisible = 0;
			defaultConfigurationName = Release;
		};
/* End XCConfigurationList section */

/* Begin XCVersionGroup section */
		A685E3B32089523700F37EFD /* mws_swift.xcdatamodeld */ = {
			isa = XCVersionGroup;
			children = (
				A685E3B42089523700F37EFD /* mws_swift.xcdatamodel */,
			);
			currentVersion = A685E3B42089523700F37EFD /* mws_swift.xcdatamodel */;
			path = mws_swift.xcdatamodeld;
			sourceTree = "<group>";
			versionGroupType = wrapper.xcdatamodel;
		};
/* End XCVersionGroup section */
	};
	rootObject = A685E3A12089523700F37EFD /* Project object */;
}
